
Microsoft Visual Studio Solution File, Format Version 12.00
# Visual Studio Version 16
VisualStudioVersion = 16.0.31313.79
MinimumVisualStudioVersion = 10.0.40219.1
Project("{FAE04EC0-301F-11D3-BF4B-00C04F79EFBC}") = "İnheritance", "İnheritance\İnheritance.csproj", "{D56DC622-29A9-490D-90C2-C027EC76A745}"
EndProject
Global
	GlobalSection(SolutionConfigurationPlatforms) = preSolution
		Debug|Any CPU = Debug|Any CPU
		Release|Any CPU = Release|Any CPU
	EndGlobalSection
	GlobalSection(ProjectConfigurationPlatforms) = postSolution
		{D56DC622-29A9-490D-90C2-C027EC76A745}.Debug|Any CPU.ActiveCfg = Debug|Any CPU
		{D56DC622-29A9-490D-90C2-C027EC76A745}.Debug|Any CPU.Build.0 = Debug|Any CPU
		{D56DC622-29A9-490D-90C2-C027EC76A745}.Release|Any CPU.ActiveCfg = Release|Any CPU
		{D56DC622-29A9-490D-90C2-C027EC76A745}.Release|Any CPU.Build.0 = Release|Any CPU
	EndGlobalSection
	GlobalSection(SolutionProperties) = preSolution
		HideSolutionNode = FALSE
	EndGlobalSection
	GlobalSection(ExtensibilityGlobals) = postSolution
		SolutionGuid = {5EEA4977-059C-4905-A6C4-D529C9E35900}
	EndGlobalSection
EndGlobal
